
Microsoft Visual Studio Solution File, Format Version 12.00
# Visual Studio Version 17
VisualStudioVersion = 17.8.34601.278
MinimumVisualStudioVersion = 10.0.40219.1
Project("{9A19103F-16F7-4668-BE54-9A1E7A4F7556}") = "Enterprise", "Enterprise\Enterprise.csproj", "{D9B0CC4F-DC73-456D-8D48-D62302113BBA}"
EndProject
Project("{9A19103F-16F7-4668-BE54-9A1E7A4F7556}") = "SocialNetwork", "SocialNetwork\SocialNetwork.csproj", "{52ED8523-6492-44EA-A0BE-5FA32C99B54F}"
EndProject
Project("{9A19103F-16F7-4668-BE54-9A1E7A4F7556}") = "Supermarket", "Supermarket\Supermarket.csproj", "{E0E24B91-19FD-49D4-B68D-E4D5F19F5148}"
EndProject
Project("{9A19103F-16F7-4668-BE54-9A1E7A4F7556}") = "Store", "Store\Store.csproj", "{8857B0F7-7A1A-45B8-AED6-52C957F1D586}"
EndProject
Project("{FAE04EC0-301F-11D3-BF4B-00C04F79EFBC}") = "Accounting", "Accounting\Accounting.csproj", "{6C7AEE26-2CBE-4066-AD68-91EA4FB53D35}"
EndProject
Project("{FAE04EC0-301F-11D3-BF4B-00C04F79EFBC}") = "Hotel", "Hotel\Hotel.csproj", "{B2429A91-A796-45A1-9007-C020602A2573}"
EndProject
Project("{FAE04EC0-301F-11D3-BF4B-00C04F79EFBC}") = "Bank", "Bank\Bank.csproj", "{DC5030A9-D27D-40DF-9C1D-416173B11A5F}"
EndProject
Project("{2150E333-8FDC-42A3-9474-1A3956D46DE8}") = "Itens de Solução", "Itens de Solução", "{51543DE0-2264-449B-9E8D-787A5ADF0792}"
	ProjectSection(SolutionItems) = preProject
		Exercises.txt = Exercises.txt
	EndProjectSection
EndProject
Global
	GlobalSection(SolutionConfigurationPlatforms) = preSolution
		Debug|Any CPU = Debug|Any CPU
		Release|Any CPU = Release|Any CPU
	EndGlobalSection
	GlobalSection(ProjectConfigurationPlatforms) = postSolution
		{D9B0CC4F-DC73-456D-8D48-D62302113BBA}.Debug|Any CPU.ActiveCfg = Debug|Any CPU
		{D9B0CC4F-DC73-456D-8D48-D62302113BBA}.Debug|Any CPU.Build.0 = Debug|Any CPU
		{D9B0CC4F-DC73-456D-8D48-D62302113BBA}.Release|Any CPU.ActiveCfg = Release|Any CPU
		{D9B0CC4F-DC73-456D-8D48-D62302113BBA}.Release|Any CPU.Build.0 = Release|Any CPU
		{52ED8523-6492-44EA-A0BE-5FA32C99B54F}.Debug|Any CPU.ActiveCfg = Debug|Any CPU
		{52ED8523-6492-44EA-A0BE-5FA32C99B54F}.Debug|Any CPU.Build.0 = Debug|Any CPU
		{52ED8523-6492-44EA-A0BE-5FA32C99B54F}.Release|Any CPU.ActiveCfg = Release|Any CPU
		{52ED8523-6492-44EA-A0BE-5FA32C99B54F}.Release|Any CPU.Build.0 = Release|Any CPU
		{E0E24B91-19FD-49D4-B68D-E4D5F19F5148}.Debug|Any CPU.ActiveCfg = Debug|Any CPU
		{E0E24B91-19FD-49D4-B68D-E4D5F19F5148}.Debug|Any CPU.Build.0 = Debug|Any CPU
		{E0E24B91-19FD-49D4-B68D-E4D5F19F5148}.Release|Any CPU.ActiveCfg = Release|Any CPU
		{E0E24B91-19FD-49D4-B68D-E4D5F19F5148}.Release|Any CPU.Build.0 = Release|Any CPU
		{8857B0F7-7A1A-45B8-AED6-52C957F1D586}.Debug|Any CPU.ActiveCfg = Debug|Any CPU
		{8857B0F7-7A1A-45B8-AED6-52C957F1D586}.Debug|Any CPU.Build.0 = Debug|Any CPU
		{8857B0F7-7A1A-45B8-AED6-52C957F1D586}.Release|Any CPU.ActiveCfg = Release|Any CPU
		{8857B0F7-7A1A-45B8-AED6-52C957F1D586}.Release|Any CPU.Build.0 = Release|Any CPU
		{6C7AEE26-2CBE-4066-AD68-91EA4FB53D35}.Debug|Any CPU.ActiveCfg = Debug|Any CPU
		{6C7AEE26-2CBE-4066-AD68-91EA4FB53D35}.Debug|Any CPU.Build.0 = Debug|Any CPU
		{6C7AEE26-2CBE-4066-AD68-91EA4FB53D35}.Release|Any CPU.ActiveCfg = Release|Any CPU
		{6C7AEE26-2CBE-4066-AD68-91EA4FB53D35}.Release|Any CPU.Build.0 = Release|Any CPU
		{B2429A91-A796-45A1-9007-C020602A2573}.Debug|Any CPU.ActiveCfg = Debug|Any CPU
		{B2429A91-A796-45A1-9007-C020602A2573}.Debug|Any CPU.Build.0 = Debug|Any CPU
		{B2429A91-A796-45A1-9007-C020602A2573}.Release|Any CPU.ActiveCfg = Release|Any CPU
		{B2429A91-A796-45A1-9007-C020602A2573}.Release|Any CPU.Build.0 = Release|Any CPU
		{DC5030A9-D27D-40DF-9C1D-416173B11A5F}.Debug|Any CPU.ActiveCfg = Debug|Any CPU
		{DC5030A9-D27D-40DF-9C1D-416173B11A5F}.Debug|Any CPU.Build.0 = Debug|Any CPU
		{DC5030A9-D27D-40DF-9C1D-416173B11A5F}.Release|Any CPU.ActiveCfg = Release|Any CPU
		{DC5030A9-D27D-40DF-9C1D-416173B11A5F}.Release|Any CPU.Build.0 = Release|Any CPU
	EndGlobalSection
	GlobalSection(SolutionProperties) = preSolution
		HideSolutionNode = FALSE
	EndGlobalSection
	GlobalSection(ExtensibilityGlobals) = postSolution
		SolutionGuid = {3F25443F-84E7-4B6A-BB6E-E043658D7189}
	EndGlobalSection
EndGlobal
